<Solution>
  <Folder Name="/Solution Items/" />
  <Folder Name="/Solution Items/docs/">
    <File Path="phase1 - memory.md" />
  </Folder>
  <Project Path="docker-compose.dcproj">
    <Build />
  </Project>
  <Project Path="PAOS.Data/PAOS.Data.csproj" />
  <Project Path="PAOS.MemoryAPI/PAOS.MemoryAPI.csproj" />
  <Project Path="PAOS.MemoryWorker/PAOS.MemoryWorker.csproj" />
  <Project Path="PAOS.Tests.E2E/PAOS.Tests.E2E.csproj" />
  <Project Path="PAOS.Tests/PAOS.Tests.csproj" />
</Solution>
